
Microsoft Visual Studio Solution File, Format Version 12.00
# Visual Studio Version 17
VisualStudioVersion = 17.10.35122.118
MinimumVisualStudioVersion = 10.0.40219.1
Project("{FAE04EC0-301F-11D3-BF4B-00C04F79EFBC}") = "Stacks", "Stacks\Stacks.csproj", "{30E35A99-3B2C-4694-B01C-547F19280057}"
EndProject
Global
	GlobalSection(SolutionConfigurationPlatforms) = preSolution
		Debug|Any CPU = Debug|Any CPU
		Release|Any CPU = Release|Any CPU
	EndGlobalSection
	GlobalSection(ProjectConfigurationPlatforms) = postSolution
		{30E35A99-3B2C-4694-B01C-547F19280057}.Debug|Any CPU.ActiveCfg = Debug|Any CPU
		{30E35A99-3B2C-4694-B01C-547F19280057}.Debug|Any CPU.Build.0 = Debug|Any CPU
		{30E35A99-3B2C-4694-B01C-547F19280057}.Release|Any CPU.ActiveCfg = Release|Any CPU
		{30E35A99-3B2C-4694-B01C-547F19280057}.Release|Any CPU.Build.0 = Release|Any CPU
	EndGlobalSection
	GlobalSection(SolutionProperties) = preSolution
		HideSolutionNode = FALSE
	EndGlobalSection
	GlobalSection(ExtensibilityGlobals) = postSolution
		SolutionGuid = {627EDDCB-DC9C-4F6A-9C30-512C0365C0F1}
	EndGlobalSection
EndGlobal
